code.cloudfoundry.org/cli v6.34.1+incompatible h1:eOLq9RxRB+nt6o/AuRw8p2VWO22FUYNsRm/UkIN/u1I=
code.cloudfoundry.org/cli v6.34.1+incompatible/go.mod h1:e4d+EpbwevNhyTZKybrLlyTvpH+W22vMsmdmcTxs/Fo=
github.com/apoydence/eachers v0.0.0-20161009051034-dc08b96c9060 h1:2M393WdDs7JmLjEw5WQaC3SK8lQsaFKDo7GAm/Hl7uQ=
github.com/apoydence/eachers v0.0.0-20161009051034-dc08b96c9060/go.mod h1:bXvGk6IkT1Agy7qzJ+DjIw/SJ1AaB3AvAuMDVV+Vkoo=
github.com/cloudfoundry/dropsonde v1.0.1-0.20170526033252-566965a4f337 h1:enbgmDLPcMXo/CZuWqUwZ0KxgwreXckhw2fM6MyaVh4=
github.com/cloudfoundry/dropsonde v1.0.1-0.20170526033252-566965a4f337/go.mod h1:6zwvrWK5TpxBVYi1cdkE5WDsIO8E0n7qAJg3wR9B67c=
github.com/cloudfoundry/noaa v2.1.1-0.20171030182453-9d59e2b25abb+incompatible h1:VjNfmc6bQQ7tzaKptM8HKma6yCuRfp03b+al4eKe+nc=
github.com/cloudfoundry/noaa v2.1.1-0.20171030182453-9d59e2b25abb+incompatible/go.mod h1:5LmacnptvxzrTvMfL9+EJhgkUfIgcwI61BVSTh47ECo=
github.com/cloudfoundry/sonde-go v0.0.0-20170525164920-5f5bca3bcb61 h1:k8NOfbr11RGCizsoucwXJA7frji9aUQubo21joSHH+Y=
github.com/cloudfoundry/sonde-go v0.0.0-20170525164920-5f5bca3bcb61/go.mod h1:GS0pCHd7onIsewbw8Ue9qa9pZPv2V88cUZDttK6KzgI=
github.com/elazarl/goproxy v0.0.0-20170413182129-aacba83f36a5 h1:6hndtckUKiV+txASiPN72sRWuHJQycm6B9BI18YYmzs=
github.com/elazarl/goproxy v0.0.0-20170413182129-aacba83f36a5/go.mod h1:/Zj4wYkgs4iZTTu3o/KG3Itv/qCCa8VVMlb3i9OVuzc=
github.com/fatih/color v1.1.1-0.20161025120501-bf82308e8c85 h1:FvdRGnDEscqSP1EedtRtA83DFuWYR3Wv4EF9vlgCAdU=
github.com/fatih/color v1.1.1-0.20161025120501-bf82308e8c85/go.mod h1:Zm6kSWBoL9eyXnKyktHP6abPY2pDugNf5KwzbycvMj4=
github.com/gogo/protobuf v0.0.0-20170529194536-b79ae77db468 h1:EDoIQkD+atR0Ch+sr9NtUIa9ZW1Jn0e9PWq5kv8f94k=
github.com/gogo/protobuf v0.0.0-20170529194536-b79ae77db468/go.mod h1:r8qH/GZQm5c6nD/R0oafs1akxWv10x8SbQlK7atdtwQ=
github.com/golang/protobuf v0.0.0-20151023031640-5baca1b63153 h1:SJWo5NPMQeZ3XkwNMCmCW/RD5P5sjY8pNRw2ha7CjqQ=
github.com/golang/protobuf v0.0.0-20151023031640-5baca1b63153/go.mod h1:6lQm79b+lXiMfvg/cZm0SGofjICqVBUtrP5yJMmIC1U=
github.com/gorilla/websocket v1.1.1-0.20170319172727-a91eba7f9777 h1:2Wp9JIvcGxCnl0ju03V2uMMLBwP/NXsgc/U8qwb/rp8=
github.com/gorilla/websocket v1.1.1-0.20170319172727-a91eba7f9777/go.mod h1:E7qHFY5m1UJ88s3WnNqhKjPHQ0heANvMoAMk2YaljkQ=
github.com/kr/pretty v0.2.1 h1:Fmg33tUaq4/8ym9TJN1x7sLJnHVwhP33CNkpYV/7rwI=
github.com/kr/pretty v0.2.1/go.mod h1:ipq/a2n7PKx3OHsz4KJII5eveXtPO4qwEXGdVfWzfnI=
github.com/kr/pty v1.1.1/go.mod h1:pFQYn66WHrOpPYNljwOMqo10TkYh1fy3cYio2l3bCsQ=
github.com/kr/text v0.1.0 h1:45sCR5RtlFHMR4UwH9sdQ5TC8v0qDQCHnXt+kaKSTVE=
github.com/kr/text v0.1.0/go.mod h1:4Jbv+DJW3UT/LiOwJeYQe1efqtUx/iVham/4vfdArNI=
github.com/mattn/go-colorable v0.0.7 h1:zh4kz16dcPG+l666m12h0+dO2HGnQ1ngy7crMErE2UU=
github.com/mattn/go-colorable v0.0.7/go.mod h1:9vuHe8Xs5qXnSaW/c/ABM9alt+Vo+STaOChaDxuIBZU=
github.com/mattn/go-isatty v0.0.0-20161123143637-30a891c33c7c h1:YHHK/dEmr2Jo1cWD1VMB2waEeHJhHFp3CEylwWy/VcY=
github.com/mattn/go-isatty v0.0.0-20161123143637-30a891c33c7c/go.mod h1:M+lRXTBqGeGNdLjl/ufCoiOlB5xdOkqRJdNxMWT7Zi4=
github.com/onsi/ginkgo v1.2.1-0.20161110180313-00054c0bb96f h1:JHJnRAuae9rpdkyTSB4t1jUt6qIp7xfwnDa2YY4Ymmg=
github.com/onsi/ginkgo v1.2.1-0.20161110180313-00054c0bb96f/go.mod h1:lLunBs/Ym6LB5Z9jYTR76FiuTmxDTDusOGeTQH+WWjE=
github.com/onsi/gomega v0.0.0-20161118205129-f1f0f388b31e h1:LvgsjG0xVufTzEfSK5jwC3vYGHA7A7zzVrr85O+IEHc=
github.com/onsi/gomega v0.0.0-20161118205129-f1f0f388b31e/go.mod h1:C1qb7wdrVGGVU+Z6iS04AVkA3Q65CEZX59MT0QO5uiA=
golang.org/x/sys v0.0.0-20210514084401-e8d321eab015 h1:hZR0X1kPW+nwyJ9xRxqZk1vx5RUObAPBdKVvXPDUH/E=
golang.org/x/sys v0.0.0-20210514084401-e8d321eab015/go.mod h1:oPkhp1MJrh7nUepCBck5+mAzfO9JrbApNNgaTdGDITg=
gopkg.in/check.v1 v1.0.0-20201130134442-10cb98267c6c h1:Hei/4ADfdWqJk1ZMxUNpqntNwaWcugrBjAiHlqqRiVk=
gopkg.in/check.v1 v1.0.0-20201130134442-10cb98267c6c/go.mod h1:JHkPIbrfpd72SG/EVd6muEfDQjcINNoR0C8j2r3qZ4Q=
gopkg.in/yaml.v2 v2.0.0-20160928153709-a5b47d31c556 h1:hKXbLW5oaJoQgs8KrzTLdF4PoHi+0oQPgea9TNtvE3E=
gopkg.in/yaml.v2 v2.0.0-20160928153709-a5b47d31c556/go.mod h1:JAlM8MvJe8wmxCU4Bli9HhUf9+ttbYbLASfIpnQbh74=
